
Microsoft Visual Studio Solution File, Format Version 12.00
# Visual Studio Version 17
VisualStudioVersion = 17.1.32210.238
MinimumVisualStudioVersion = 10.0.40219.1
Project("{9A19103F-16F7-4668-BE54-9A1E7A4F7556}") = "ScrumPokerAPI", "ScrumPokerAPI\ScrumPokerAPI.csproj", "{5B84BC43-65CD-48F6-8C57-E2FC5BC71746}"
EndProject
Global
	GlobalSection(SolutionConfigurationPlatforms) = preSolution
		Debug|Any CPU = Debug|Any CPU
		Release|Any CPU = Release|Any CPU
	EndGlobalSection
	GlobalSection(ProjectConfigurationPlatforms) = postSolution
		{5B84BC43-65CD-48F6-8C57-E2FC5BC71746}.Debug|Any CPU.ActiveCfg = Debug|Any CPU
		{5B84BC43-65CD-48F6-8C57-E2FC5BC71746}.Debug|Any CPU.Build.0 = Debug|Any CPU
		{5B84BC43-65CD-48F6-8C57-E2FC5BC71746}.Release|Any CPU.ActiveCfg = Release|Any CPU
		{5B84BC43-65CD-48F6-8C57-E2FC5BC71746}.Release|Any CPU.Build.0 = Release|Any CPU
	EndGlobalSection
	GlobalSection(SolutionProperties) = preSolution
		HideSolutionNode = FALSE
	EndGlobalSection
	GlobalSection(ExtensibilityGlobals) = postSolution
		SolutionGuid = {9C0A8BD1-6178-42E4-BBA3-194030C02CB9}
	EndGlobalSection
EndGlobal
